Microsoft Visual Studio Solution File, Format Version 12.00
# Visual Studio Version 17
VisualStudioVersion = 17.5.2.0
MinimumVisualStudioVersion = 10.0.40219.1
Project("{FAE04EC0-301F-11D3-BF4B-00C04F79EFBC}") = "HexCalcApp", "HexCalcApp.csproj", "{6356C2EF-6E04-E621-AE1E-C3D42711DF28}"
EndProject
Global
	GlobalSection(SolutionConfigurationPlatforms) = preSolution
		Debug|Any CPU = Debug|Any CPU
		Release|Any CPU = Release|Any CPU
	EndGlobalSection
	GlobalSection(ProjectConfigurationPlatforms) = postSolution
		{6356C2EF-6E04-E621-AE1E-C3D42711DF28}.Debug|Any CPU.ActiveCfg = Debug|Any CPU
		{6356C2EF-6E04-E621-AE1E-C3D42711DF28}.Debug|Any CPU.Build.0 = Debug|Any CPU
		{6356C2EF-6E04-E621-AE1E-C3D42711DF28}.Release|Any CPU.ActiveCfg = Release|Any CPU
		{6356C2EF-6E04-E621-AE1E-C3D42711DF28}.Release|Any CPU.Build.0 = Release|Any CPU
	EndGlobalSection
	GlobalSection(SolutionProperties) = preSolution
		HideSolutionNode = FALSE
	EndGlobalSection
	GlobalSection(ExtensibilityGlobals) = postSolution
		SolutionGuid = {8E67AC4A-8E33-4A66-8EB0-5C60D65322B9}
	EndGlobalSection
EndGlobal
